
Microsoft Visual Studio Solution File, Format Version 12.00
# Visual Studio Version 16
VisualStudioVersion = 16.0.33529.622
MinimumVisualStudioVersion = 10.0.40219.1
Project("{FAE04EC0-301F-11D3-BF4B-00C04F79EFBC}") = "Harjoitus", "Harjoitus\Harjoitus.csproj", "{ACD307A2-83B9-436A-8F18-7CAEFD15FA79}"
EndProject
Global
	GlobalSection(SolutionConfigurationPlatforms) = preSolution
		Debug|Any CPU = Debug|Any CPU
		Release|Any CPU = Release|Any CPU
	EndGlobalSection
	GlobalSection(ProjectConfigurationPlatforms) = postSolution
		{ACD307A2-83B9-436A-8F18-7CAEFD15FA79}.Debug|Any CPU.ActiveCfg = Debug|Any CPU
		{ACD307A2-83B9-436A-8F18-7CAEFD15FA79}.Debug|Any CPU.Build.0 = Debug|Any CPU
		{ACD307A2-83B9-436A-8F18-7CAEFD15FA79}.Release|Any CPU.ActiveCfg = Release|Any CPU
		{ACD307A2-83B9-436A-8F18-7CAEFD15FA79}.Release|Any CPU.Build.0 = Release|Any CPU
	EndGlobalSection
	GlobalSection(SolutionProperties) = preSolution
		HideSolutionNode = FALSE
	EndGlobalSection
	GlobalSection(ExtensibilityGlobals) = postSolution
		SolutionGuid = {630C515B-5429-4FEE-A82B-DB0C7B19A68E}
	EndGlobalSection
EndGlobal
